
Microsoft Visual Studio Solution File, Format Version 12.00
# Visual Studio Version 16
VisualStudioVersion = 16.0.31702.278
MinimumVisualStudioVersion = 10.0.40219.1
Project("{9A19103F-16F7-4668-BE54-9A1E7A4F7556}") = "Locadora_filmes_web", "Locadora_filmes_web\Locadora_filmes_web.csproj", "{502E9A4B-851A-40A2-A993-1069B3CC5507}"
EndProject
Project("{FAE04EC0-301F-11D3-BF4B-00C04F79EFBC}") = "Locadora_filmes_web.Service", "Locadora_filmes_web.Service\Locadora_filmes_web.Service.csproj", "{0CF1770E-B7C3-4B90-B2E1-2192F00714C2}"
EndProject
Project("{FAE04EC0-301F-11D3-BF4B-00C04F79EFBC}") = "Locadora_filmes_web.Data", "Locadora_filmes_web.Data\Locadora_filmes_web.Data.csproj", "{474396BD-A1C1-4253-BC95-60CA1ECB5556}"
EndProject
Global
	GlobalSection(SolutionConfigurationPlatforms) = preSolution
		Debug|Any CPU = Debug|Any CPU
		Release|Any CPU = Release|Any CPU
	EndGlobalSection
	GlobalSection(ProjectConfigurationPlatforms) = postSolution
		{502E9A4B-851A-40A2-A993-1069B3CC5507}.Debug|Any CPU.ActiveCfg = Debug|Any CPU
		{502E9A4B-851A-40A2-A993-1069B3CC5507}.Debug|Any CPU.Build.0 = Debug|Any CPU
		{502E9A4B-851A-40A2-A993-1069B3CC5507}.Release|Any CPU.ActiveCfg = Release|Any CPU
		{502E9A4B-851A-40A2-A993-1069B3CC5507}.Release|Any CPU.Build.0 = Release|Any CPU
		{0CF1770E-B7C3-4B90-B2E1-2192F00714C2}.Debug|Any CPU.ActiveCfg = Debug|Any CPU
		{0CF1770E-B7C3-4B90-B2E1-2192F00714C2}.Debug|Any CPU.Build.0 = Debug|Any CPU
		{0CF1770E-B7C3-4B90-B2E1-2192F00714C2}.Release|Any CPU.ActiveCfg = Release|Any CPU
		{0CF1770E-B7C3-4B90-B2E1-2192F00714C2}.Release|Any CPU.Build.0 = Release|Any CPU
		{474396BD-A1C1-4253-BC95-60CA1ECB5556}.Debug|Any CPU.ActiveCfg = Debug|Any CPU
		{474396BD-A1C1-4253-BC95-60CA1ECB5556}.Debug|Any CPU.Build.0 = Debug|Any CPU
		{474396BD-A1C1-4253-BC95-60CA1ECB5556}.Release|Any CPU.ActiveCfg = Release|Any CPU
		{474396BD-A1C1-4253-BC95-60CA1ECB5556}.Release|Any CPU.Build.0 = Release|Any CPU
	EndGlobalSection
	GlobalSection(SolutionProperties) = preSolution
		HideSolutionNode = FALSE
	EndGlobalSection
	GlobalSection(ExtensibilityGlobals) = postSolution
		SolutionGuid = {6405F8EF-74FE-4BA7-9DAD-E69C773DB349}
	EndGlobalSection
EndGlobal
